
Microsoft Visual Studio Solution File, Format Version 12.00
# Visual Studio Version 17
VisualStudioVersion = 17.2.32526.322
MinimumVisualStudioVersion = 10.0.40219.1
Project("{2150E333-8FDC-42A3-9474-1A3956D46DE8}") = "Behavioral Patterns", "Behavioral Patterns", "{B88CC588-A3DF-44E1-8E6A-355705E85A5F}"
EndProject
Project("{9A19103F-16F7-4668-BE54-9A1E7A4F7556}") = "Memento", "Behavioral Patterns\Memento\Memento.csproj", "{4DFC9963-BB85-456E-98EA-AFDE7F6A2E82}"
EndProject
Project("{9A19103F-16F7-4668-BE54-9A1E7A4F7556}") = "State", "Behavioral Patterns\State\State.csproj", "{0AF6E08D-4DBA-4795-8AA4-676DB10FF1A1}"
EndProject
Project("{9A19103F-16F7-4668-BE54-9A1E7A4F7556}") = "Iterator", "Behavioral Patterns\Iterator\Iterator.csproj", "{98FB5D91-BEC7-43C1-9694-CC653F659F72}"
EndProject
Project("{9A19103F-16F7-4668-BE54-9A1E7A4F7556}") = "Strategy", "Behavioral Patterns\Strategy\Strategy.csproj", "{830DF532-B8AD-406D-8081-1FE46408A9B2}"
EndProject
Project("{9A19103F-16F7-4668-BE54-9A1E7A4F7556}") = "Template Method", "Behavioral Patterns\Template Method\Template Method.csproj", "{34737E59-D1DF-46EC-96EA-B270667D7BC0}"
EndProject
Project("{9A19103F-16F7-4668-BE54-9A1E7A4F7556}") = "Command", "Behavioral Patterns\Command\Command.csproj", "{00A75879-44FC-4688-960F-B90E35DD45AD}"
EndProject
Project("{9A19103F-16F7-4668-BE54-9A1E7A4F7556}") = "Observer", "Behavioral Patterns\Observer\Observer.csproj", "{13435EF7-7C2B-4E41-9702-4465E17C0B98}"
EndProject
Project("{9A19103F-16F7-4668-BE54-9A1E7A4F7556}") = "Mediator", "Behavioral Patterns\Mediator\Mediator.csproj", "{51C29729-EF3B-4AA0-B904-EDE9E2D30038}"
EndProject
Project("{9A19103F-16F7-4668-BE54-9A1E7A4F7556}") = "Chain of Responsibility", "Behavioral Patterns\Chain of Responsibility\Chain of Responsibility.csproj", "{8C7566FE-B3D9-4AF4-8683-2CCF0C0F73C7}"
EndProject
Project("{9A19103F-16F7-4668-BE54-9A1E7A4F7556}") = "Visitor", "Behavioral Patterns\Visitor\Visitor.csproj", "{72C7AEE0-B339-4D97-A97B-F81F0F68206D}"
EndProject
Project("{2150E333-8FDC-42A3-9474-1A3956D46DE8}") = "Structural Patterns", "Structural Patterns", "{52BCFF59-FC3E-49D2-9A81-4534D1230947}"
EndProject
Project("{9A19103F-16F7-4668-BE54-9A1E7A4F7556}") = "Composite", "Structural Patterns\Composite\Composite.csproj", "{EEDB54F5-4BEE-41B3-AE0A-207257236563}"
EndProject
Project("{9A19103F-16F7-4668-BE54-9A1E7A4F7556}") = "Adapter", "Structural Patterns\Adapter\Adapter.csproj", "{2E4559CC-5240-4624-878E-02C45129E99A}"
EndProject
Project("{9A19103F-16F7-4668-BE54-9A1E7A4F7556}") = "Facade", "Structural Patterns\Facade\Facade.csproj", "{D14FC5D0-778C-47A6-B67A-E8FAFD2C7FBA}"
EndProject
Project("{9A19103F-16F7-4668-BE54-9A1E7A4F7556}") = "Flyweight", "Structural Patterns\Flyweight\Flyweight.csproj", "{ADC3932E-FE74-4B5C-A9E7-B9C8CB2E684E}"
EndProject
Project("{9A19103F-16F7-4668-BE54-9A1E7A4F7556}") = "Bridge", "Structural Patterns\Bridge\Bridge.csproj", "{6BDD7568-DB11-4C78-B2FF-04DB061BBE4E}"
EndProject
Project("{2150E333-8FDC-42A3-9474-1A3956D46DE8}") = "Creational Patterns", "Creational Patterns", "{074B4672-388B-4F78-89A1-CCE847376732}"
EndProject
Project("{9A19103F-16F7-4668-BE54-9A1E7A4F7556}") = "AbstractFactory", "Creational Patterns\AbstractFactory\AbstractFactory.csproj", "{EA5C969A-2A68-4BCF-B9D3-DCCF44399FCD}"
EndProject
Project("{9A19103F-16F7-4668-BE54-9A1E7A4F7556}") = "Builder", "Creational Patterns\Builder\Builder.csproj", "{10BF3610-BC70-43DC-97DA-1BBC9611781F}"
EndProject
Project("{9A19103F-16F7-4668-BE54-9A1E7A4F7556}") = "FactoryMethod", "Creational Patterns\FactoryMethod\FactoryMethod.csproj", "{C6E9BF71-5DF9-4E67-985C-2CEFE1D1DB85}"
EndProject
Project("{9A19103F-16F7-4668-BE54-9A1E7A4F7556}") = "Prototype", "Creational Patterns\Prototype\Prototype.csproj", "{07A07CEF-5C0F-4EE3-9891-4F75729354C6}"
EndProject
Project("{9A19103F-16F7-4668-BE54-9A1E7A4F7556}") = "Singleton  Thread-safe", "Creational Patterns\Singleton  Thread-safe\Singleton  Thread-safe.csproj", "{13BC0962-13AC-4D91-9989-6DF5E6505611}"
EndProject
Project("{9A19103F-16F7-4668-BE54-9A1E7A4F7556}") = "Singleton No Thread-Safe", "Creational Patterns\Singleton No Thread-Safe\Singleton No Thread-Safe.csproj", "{A50B3F06-4FE6-4940-940A-02113C652126}"
EndProject
Project("{9A19103F-16F7-4668-BE54-9A1E7A4F7556}") = "Adapter(Real-time Example)", "Structural Patterns\Adapter(Design Pattern Real-time Example)\Adapter(Real-time Example).csproj", "{E0AA68A6-ECE4-45A0-9EA2-DB33F35886E9}"
EndProject
Project("{9A19103F-16F7-4668-BE54-9A1E7A4F7556}") = "Bridge (Real-Time Example)", "Structural Patterns\Bridge (Real-Time Example)\Bridge (Real-Time Example).csproj", "{E549ABAB-46A8-441D-A767-77E8D5C218F7}"
EndProject
Project("{9A19103F-16F7-4668-BE54-9A1E7A4F7556}") = "Interpreter", "Behavioral Patterns\Interpreter\Interpreter.csproj", "{343309F5-73AD-493C-AF6D-4690DAE13D42}"
EndProject
Project("{2150E333-8FDC-42A3-9474-1A3956D46DE8}") = "Fault tolerance and recovery patterns", "Fault tolerance and recovery patterns", "{4F817639-465D-406D-BAF5-414C80DBBE9B}"
EndProject
Project("{2150E333-8FDC-42A3-9474-1A3956D46DE8}") = "Replication patterns", "Replication patterns", "{5F394D6F-DF05-4159-9F99-90A6759107A9}"
EndProject
Project("{2150E333-8FDC-42A3-9474-1A3956D46DE8}") = "GOF", "GOF", "{354EAE07-E24B-4556-A3A3-5F8FFFA98252}"
EndProject
Project("{2150E333-8FDC-42A3-9474-1A3956D46DE8}") = "Resource management patterns", "Resource management patterns", "{4782E381-877B-4F78-902A-30BCA56B23D4}"
EndProject
Project("{2150E333-8FDC-42A3-9474-1A3956D46DE8}") = "Message flow patterns", "Message flow patterns", "{63772D89-15FA-4B82-82F1-97B89195D6E4}"
EndProject
Project("{2150E333-8FDC-42A3-9474-1A3956D46DE8}") = "Flow control patterns", "Flow control patterns", "{27A5405B-5121-4627-903E-9731956B0AD3}"
EndProject
Project("{2150E333-8FDC-42A3-9474-1A3956D46DE8}") = "State management and persistence patterns", "State management and persistence patterns", "{99BEF67E-E5AA-436B-92EC-5B04A6169324}"
EndProject
Project("{9A19103F-16F7-4668-BE54-9A1E7A4F7556}") = "Simple Component", "Fault tolerance and recovery patterns\Simple Component\Simple Component.csproj", "{55600FB3-9507-4F17-B5AE-B5E936E0F765}"
EndProject
Project("{9A19103F-16F7-4668-BE54-9A1E7A4F7556}") = "Error Kernel", "Fault tolerance and recovery patterns\Error Kernel\Error Kernel.csproj", "{97AED41D-41ED-47D8-B2ED-086742C72864}"
EndProject
Project("{9A19103F-16F7-4668-BE54-9A1E7A4F7556}") = "Let-it-crash", "Fault tolerance and recovery patterns\Let-it-crash\Let-it-crash.csproj", "{490E446F-ABF1-46C9-865D-6C0D361586D6}"
EndProject
Project("{9A19103F-16F7-4668-BE54-9A1E7A4F7556}") = "Circuit Breaker", "Fault tolerance and recovery patterns\Circuit Breaker\Circuit Breaker.csproj", "{D6A41399-6622-4550-ACE3-338DEDFA0A69}"
EndProject
Project("{9A19103F-16F7-4668-BE54-9A1E7A4F7556}") = "Active–passive", "Replication patterns\Active–passive\Active–passive.csproj", "{5E37BF83-B42E-42FB-B157-99AE6147FAE4}"
EndProject
Project("{9A19103F-16F7-4668-BE54-9A1E7A4F7556}") = "Active–active", "Replication patterns\Active–active\Active–active.csproj", "{0F6B6F91-2EC6-479B-939D-DD7C4D0A9799}"
EndProject
Project("{2150E333-8FDC-42A3-9474-1A3956D46DE8}") = "Multiple-master", "Multiple-master", "{3127CD5D-5FC7-41B5-BCC0-37167965DCD1}"
EndProject
Project("{9A19103F-16F7-4668-BE54-9A1E7A4F7556}") = "Consensus-based", "Replication patterns\Multiple-master\Consensus-based\Consensus-based.csproj", "{3D1B941A-4E5C-4BF0-987F-9674A9D87C23}"
EndProject
Project("{9A19103F-16F7-4668-BE54-9A1E7A4F7556}") = "Conflict detection and resolution", "Replication patterns\Multiple-master\Conflict detection and resolution\Conflict detection and resolution.csproj", "{9DB8CCB9-277B-45B4-BAE5-DD7CC18E72C4}"
EndProject
Project("{9A19103F-16F7-4668-BE54-9A1E7A4F7556}") = "Conflict-free replicated data types", "Replication patterns\Multiple-master\Conflict-free replicated data types\Conflict-free replicated data types.csproj", "{E25F2950-D7F9-4D64-89D2-26667EE0E6DD}"
EndProject
Project("{9A19103F-16F7-4668-BE54-9A1E7A4F7556}") = "Resource encapsulation", "Resource management patterns\Resource encapsulation\Resource encapsulation.csproj", "{FEC957C7-0F6A-4D7E-A82A-1D8EB8388EBA}"
EndProject
Project("{9A19103F-16F7-4668-BE54-9A1E7A4F7556}") = "Resource loan", "Resource management patterns\Resource loan\Resource loan.csproj", "{4484CD0E-A75E-45BC-8478-67F1D3F30082}"
EndProject
Project("{9A19103F-16F7-4668-BE54-9A1E7A4F7556}") = "Complex command", "Resource management patterns\Complex command\Complex command.csproj", "{56B57D40-C7CA-4189-BED2-1B2ED99F5210}"
EndProject
Project("{9A19103F-16F7-4668-BE54-9A1E7A4F7556}") = "Resource pool", "Resource management patterns\Resource pool\Resource pool.csproj", "{EA443168-5158-4103-985D-1B61B6D5DD63}"
EndProject
Project("{9A19103F-16F7-4668-BE54-9A1E7A4F7556}") = "Managed blocking", "Resource management patterns\Managed blocking\Managed blocking.csproj", "{549A928B-5C4C-42D0-B399-3CC13B77DE3D}"
EndProject
Project("{9A19103F-16F7-4668-BE54-9A1E7A4F7556}") = "Request–response", "Message flow patterns\Request–response\Request–response.csproj", "{501C447B-2C6A-419A-BA3D-8DA2BDC7F338}"
EndProject
Project("{9A19103F-16F7-4668-BE54-9A1E7A4F7556}") = "Self-contained message", "Message flow patterns\Self-contained message\Self-contained message.csproj", "{CC3A132A-C763-46E4-B546-746D2AE3A06B}"
EndProject
Project("{9A19103F-16F7-4668-BE54-9A1E7A4F7556}") = "Ask pattern", "Message flow patterns\Ask pattern\Ask pattern.csproj", "{13A7C216-7B74-41F0-8A37-CCFDE19B8D06}"
EndProject
Project("{9A19103F-16F7-4668-BE54-9A1E7A4F7556}") = "Forward Flow", "Message flow patterns\Forward Flow\Forward Flow.csproj", "{E66B22C6-2651-424B-A466-0D9D09169EB4}"
EndProject
Project("{9A19103F-16F7-4668-BE54-9A1E7A4F7556}") = "Aggregator", "Message flow patterns\Aggregator\Aggregator.csproj", "{4ED1E5BE-9728-4B05-8358-64247A093771}"
EndProject
Project("{9A19103F-16F7-4668-BE54-9A1E7A4F7556}") = "Saga", "Message flow patterns\Saga\Saga.csproj", "{84E8308D-A237-4A38-AEEB-AFEE9A11EDBC}"
EndProject
Project("{9A19103F-16F7-4668-BE54-9A1E7A4F7556}") = "Business Handshake", "Message flow patterns\Business Handshake\Business Handshake.csproj", "{D9AD5CB5-3B45-4F57-9AA1-9A212C8F2568}"
EndProject
Project("{9A19103F-16F7-4668-BE54-9A1E7A4F7556}") = "Pull", "Flow control patterns\Pull\Pull.csproj", "{8E31F0EF-E092-4C86-89CF-B4D6B84EC19B}"
EndProject
Project("{9A19103F-16F7-4668-BE54-9A1E7A4F7556}") = "Managed queue", "Flow control patterns\Managed queue\Managed queue.csproj", "{DA62D797-005B-4B09-8A2F-9A242B2EEFA3}"
EndProject
Project("{9A19103F-16F7-4668-BE54-9A1E7A4F7556}") = "Drop", "Flow control patterns\Drop\Drop.csproj", "{9FC670E7-0647-4A0A-852E-05466DA171E1}"
EndProject
Project("{9A19103F-16F7-4668-BE54-9A1E7A4F7556}") = "Throttling", "Flow control patterns\Throttling\Throttling.csproj", "{CCB545A2-D94D-4CAE-90D4-71EF1462E55C}"
EndProject
Project("{9A19103F-16F7-4668-BE54-9A1E7A4F7556}") = "Domain object", "State management and persistence patterns\Domain object\Domain object.csproj", "{E662D99C-1F21-4DE9-BD6F-F3069C7DFE01}"
EndProject
Project("{9A19103F-16F7-4668-BE54-9A1E7A4F7556}") = "Sharding", "State management and persistence patterns\Sharding\Sharding.csproj", "{FFA812A0-15B6-490C-A6F0-7468BAA7A98C}"
EndProject
Project("{9A19103F-16F7-4668-BE54-9A1E7A4F7556}") = "Event sourcing", "State management and persistence patterns\Event sourcing\Event sourcing.csproj", "{B83D72FD-A3BF-4F74-AD80-D84437EA3963}"
EndProject
Project("{9A19103F-16F7-4668-BE54-9A1E7A4F7556}") = "Event stream", "State management and persistence patterns\Event stream\Event stream.csproj", "{FE3A950C-4881-4CC0-9C5C-9A0E7C245945}"
EndProject
Project("{9A19103F-16F7-4668-BE54-9A1E7A4F7556}") = "Decorator", "Structural Patterns\Decorator\Decorator.csproj", "{E4F9B947-9F79-4086-A7C7-28F553798731}"
EndProject
Project("{FAE04EC0-301F-11D3-BF4B-00C04F79EFBC}") = "Proxy", "Structural Patterns\Proxy\Proxy.csproj", "{A1C8A70E-FBB8-44D8-8859-7DCA346AC358}"
EndProject
Global
	GlobalSection(SolutionConfigurationPlatforms) = preSolution
		Debug|Any CPU = Debug|Any CPU
		Release|Any CPU = Release|Any CPU
	EndGlobalSection
	GlobalSection(ProjectConfigurationPlatforms) = postSolution
		{4DFC9963-BB85-456E-98EA-AFDE7F6A2E82}.Debug|Any CPU.ActiveCfg = Debug|Any CPU
		{4DFC9963-BB85-456E-98EA-AFDE7F6A2E82}.Debug|Any CPU.Build.0 = Debug|Any CPU
		{4DFC9963-BB85-456E-98EA-AFDE7F6A2E82}.Release|Any CPU.ActiveCfg = Release|Any CPU
		{4DFC9963-BB85-456E-98EA-AFDE7F6A2E82}.Release|Any CPU.Build.0 = Release|Any CPU
		{0AF6E08D-4DBA-4795-8AA4-676DB10FF1A1}.Debug|Any CPU.ActiveCfg = Debug|Any CPU
		{0AF6E08D-4DBA-4795-8AA4-676DB10FF1A1}.Debug|Any CPU.Build.0 = Debug|Any CPU
		{0AF6E08D-4DBA-4795-8AA4-676DB10FF1A1}.Release|Any CPU.ActiveCfg = Release|Any CPU
		{0AF6E08D-4DBA-4795-8AA4-676DB10FF1A1}.Release|Any CPU.Build.0 = Release|Any CPU
		{98FB5D91-BEC7-43C1-9694-CC653F659F72}.Debug|Any CPU.ActiveCfg = Debug|Any CPU
		{98FB5D91-BEC7-43C1-9694-CC653F659F72}.Debug|Any CPU.Build.0 = Debug|Any CPU
		{98FB5D91-BEC7-43C1-9694-CC653F659F72}.Release|Any CPU.ActiveCfg = Release|Any CPU
		{98FB5D91-BEC7-43C1-9694-CC653F659F72}.Release|Any CPU.Build.0 = Release|Any CPU
		{830DF532-B8AD-406D-8081-1FE46408A9B2}.Debug|Any CPU.ActiveCfg = Debug|Any CPU
		{830DF532-B8AD-406D-8081-1FE46408A9B2}.Debug|Any CPU.Build.0 = Debug|Any CPU
		{830DF532-B8AD-406D-8081-1FE46408A9B2}.Release|Any CPU.ActiveCfg = Release|Any CPU
		{830DF532-B8AD-406D-8081-1FE46408A9B2}.Release|Any CPU.Build.0 = Release|Any CPU
		{34737E59-D1DF-46EC-96EA-B270667D7BC0}.Debug|Any CPU.ActiveCfg = Debug|Any CPU
		{34737E59-D1DF-46EC-96EA-B270667D7BC0}.Debug|Any CPU.Build.0 = Debug|Any CPU
		{34737E59-D1DF-46EC-96EA-B270667D7BC0}.Release|Any CPU.ActiveCfg = Release|Any CPU
		{34737E59-D1DF-46EC-96EA-B270667D7BC0}.Release|Any CPU.Build.0 = Release|Any CPU
		{00A75879-44FC-4688-960F-B90E35DD45AD}.Debug|Any CPU.ActiveCfg = Debug|Any CPU
		{00A75879-44FC-4688-960F-B90E35DD45AD}.Debug|Any CPU.Build.0 = Debug|Any CPU
		{00A75879-44FC-4688-960F-B90E35DD45AD}.Release|Any CPU.ActiveCfg = Release|Any CPU
		{00A75879-44FC-4688-960F-B90E35DD45AD}.Release|Any CPU.Build.0 = Release|Any CPU
		{13435EF7-7C2B-4E41-9702-4465E17C0B98}.Debug|Any CPU.ActiveCfg = Debug|Any CPU
		{13435EF7-7C2B-4E41-9702-4465E17C0B98}.Debug|Any CPU.Build.0 = Debug|Any CPU
		{13435EF7-7C2B-4E41-9702-4465E17C0B98}.Release|Any CPU.ActiveCfg = Release|Any CPU
		{13435EF7-7C2B-4E41-9702-4465E17C0B98}.Release|Any CPU.Build.0 = Release|Any CPU
		{51C29729-EF3B-4AA0-B904-EDE9E2D30038}.Debug|Any CPU.ActiveCfg = Debug|Any CPU
		{51C29729-EF3B-4AA0-B904-EDE9E2D30038}.Debug|Any CPU.Build.0 = Debug|Any CPU
		{51C29729-EF3B-4AA0-B904-EDE9E2D30038}.Release|Any CPU.ActiveCfg = Release|Any CPU
		{51C29729-EF3B-4AA0-B904-EDE9E2D30038}.Release|Any CPU.Build.0 = Release|Any CPU
		{8C7566FE-B3D9-4AF4-8683-2CCF0C0F73C7}.Debug|Any CPU.ActiveCfg = Debug|Any CPU
		{8C7566FE-B3D9-4AF4-8683-2CCF0C0F73C7}.Debug|Any CPU.Build.0 = Debug|Any CPU
		{8C7566FE-B3D9-4AF4-8683-2CCF0C0F73C7}.Release|Any CPU.ActiveCfg = Release|Any CPU
		{8C7566FE-B3D9-4AF4-8683-2CCF0C0F73C7}.Release|Any CPU.Build.0 = Release|Any CPU
		{72C7AEE0-B339-4D97-A97B-F81F0F68206D}.Debug|Any CPU.ActiveCfg = Debug|Any CPU
		{72C7AEE0-B339-4D97-A97B-F81F0F68206D}.Debug|Any CPU.Build.0 = Debug|Any CPU
		{72C7AEE0-B339-4D97-A97B-F81F0F68206D}.Release|Any CPU.ActiveCfg = Release|Any CPU
		{72C7AEE0-B339-4D97-A97B-F81F0F68206D}.Release|Any CPU.Build.0 = Release|Any CPU
		{EEDB54F5-4BEE-41B3-AE0A-207257236563}.Debug|Any CPU.ActiveCfg = Debug|Any CPU
		{EEDB54F5-4BEE-41B3-AE0A-207257236563}.Debug|Any CPU.Build.0 = Debug|Any CPU
		{EEDB54F5-4BEE-41B3-AE0A-207257236563}.Release|Any CPU.ActiveCfg = Release|Any CPU
		{EEDB54F5-4BEE-41B3-AE0A-207257236563}.Release|Any CPU.Build.0 = Release|Any CPU
		{2E4559CC-5240-4624-878E-02C45129E99A}.Debug|Any CPU.ActiveCfg = Debug|Any CPU
		{2E4559CC-5240-4624-878E-02C45129E99A}.Debug|Any CPU.Build.0 = Debug|Any CPU
		{2E4559CC-5240-4624-878E-02C45129E99A}.Release|Any CPU.ActiveCfg = Release|Any CPU
		{2E4559CC-5240-4624-878E-02C45129E99A}.Release|Any CPU.Build.0 = Release|Any CPU
		{D14FC5D0-778C-47A6-B67A-E8FAFD2C7FBA}.Debug|Any CPU.ActiveCfg = Debug|Any CPU
		{D14FC5D0-778C-47A6-B67A-E8FAFD2C7FBA}.Debug|Any CPU.Build.0 = Debug|Any CPU
		{D14FC5D0-778C-47A6-B67A-E8FAFD2C7FBA}.Release|Any CPU.ActiveCfg = Release|Any CPU
		{D14FC5D0-778C-47A6-B67A-E8FAFD2C7FBA}.Release|Any CPU.Build.0 = Release|Any CPU
		{ADC3932E-FE74-4B5C-A9E7-B9C8CB2E684E}.Debug|Any CPU.ActiveCfg = Debug|Any CPU
		{ADC3932E-FE74-4B5C-A9E7-B9C8CB2E684E}.Debug|Any CPU.Build.0 = Debug|Any CPU
		{ADC3932E-FE74-4B5C-A9E7-B9C8CB2E684E}.Release|Any CPU.ActiveCfg = Release|Any CPU
		{ADC3932E-FE74-4B5C-A9E7-B9C8CB2E684E}.Release|Any CPU.Build.0 = Release|Any CPU
		{6BDD7568-DB11-4C78-B2FF-04DB061BBE4E}.Debug|Any CPU.ActiveCfg = Debug|Any CPU
		{6BDD7568-DB11-4C78-B2FF-04DB061BBE4E}.Debug|Any CPU.Build.0 = Debug|Any CPU
		{6BDD7568-DB11-4C78-B2FF-04DB061BBE4E}.Release|Any CPU.ActiveCfg = Release|Any CPU
		{6BDD7568-DB11-4C78-B2FF-04DB061BBE4E}.Release|Any CPU.Build.0 = Release|Any CPU
		{EA5C969A-2A68-4BCF-B9D3-DCCF44399FCD}.Debug|Any CPU.ActiveCfg = Debug|Any CPU
		{EA5C969A-2A68-4BCF-B9D3-DCCF44399FCD}.Debug|Any CPU.Build.0 = Debug|Any CPU
		{EA5C969A-2A68-4BCF-B9D3-DCCF44399FCD}.Release|Any CPU.ActiveCfg = Release|Any CPU
		{EA5C969A-2A68-4BCF-B9D3-DCCF44399FCD}.Release|Any CPU.Build.0 = Release|Any CPU
		{10BF3610-BC70-43DC-97DA-1BBC9611781F}.Debug|Any CPU.ActiveCfg = Debug|Any CPU
		{10BF3610-BC70-43DC-97DA-1BBC9611781F}.Debug|Any CPU.Build.0 = Debug|Any CPU
		{10BF3610-BC70-43DC-97DA-1BBC9611781F}.Release|Any CPU.ActiveCfg = Release|Any CPU
		{10BF3610-BC70-43DC-97DA-1BBC9611781F}.Release|Any CPU.Build.0 = Release|Any CPU
		{C6E9BF71-5DF9-4E67-985C-2CEFE1D1DB85}.Debug|Any CPU.ActiveCfg = Debug|Any CPU
		{C6E9BF71-5DF9-4E67-985C-2CEFE1D1DB85}.Debug|Any CPU.Build.0 = Debug|Any CPU
		{C6E9BF71-5DF9-4E67-985C-2CEFE1D1DB85}.Release|Any CPU.ActiveCfg = Release|Any CPU
		{C6E9BF71-5DF9-4E67-985C-2CEFE1D1DB85}.Release|Any CPU.Build.0 = Release|Any CPU
		{07A07CEF-5C0F-4EE3-9891-4F75729354C6}.Debug|Any CPU.ActiveCfg = Debug|Any CPU
		{07A07CEF-5C0F-4EE3-9891-4F75729354C6}.Debug|Any CPU.Build.0 = Debug|Any CPU
		{07A07CEF-5C0F-4EE3-9891-4F75729354C6}.Release|Any CPU.ActiveCfg = Release|Any CPU
		{07A07CEF-5C0F-4EE3-9891-4F75729354C6}.Release|Any CPU.Build.0 = Release|Any CPU
		{13BC0962-13AC-4D91-9989-6DF5E6505611}.Debug|Any CPU.ActiveCfg = Debug|Any CPU
		{13BC0962-13AC-4D91-9989-6DF5E6505611}.Debug|Any CPU.Build.0 = Debug|Any CPU
		{13BC0962-13AC-4D91-9989-6DF5E6505611}.Release|Any CPU.ActiveCfg = Release|Any CPU
		{13BC0962-13AC-4D91-9989-6DF5E6505611}.Release|Any CPU.Build.0 = Release|Any CPU
		{A50B3F06-4FE6-4940-940A-02113C652126}.Debug|Any CPU.ActiveCfg = Debug|Any CPU
		{A50B3F06-4FE6-4940-940A-02113C652126}.Debug|Any CPU.Build.0 = Debug|Any CPU
		{A50B3F06-4FE6-4940-940A-02113C652126}.Release|Any CPU.ActiveCfg = Release|Any CPU
		{A50B3F06-4FE6-4940-940A-02113C652126}.Release|Any CPU.Build.0 = Release|Any CPU
		{E0AA68A6-ECE4-45A0-9EA2-DB33F35886E9}.Debug|Any CPU.ActiveCfg = Debug|Any CPU
		{E0AA68A6-ECE4-45A0-9EA2-DB33F35886E9}.Debug|Any CPU.Build.0 = Debug|Any CPU
		{E0AA68A6-ECE4-45A0-9EA2-DB33F35886E9}.Release|Any CPU.ActiveCfg = Release|Any CPU
		{E0AA68A6-ECE4-45A0-9EA2-DB33F35886E9}.Release|Any CPU.Build.0 = Release|Any CPU
		{E549ABAB-46A8-441D-A767-77E8D5C218F7}.Debug|Any CPU.ActiveCfg = Debug|Any CPU
		{E549ABAB-46A8-441D-A767-77E8D5C218F7}.Debug|Any CPU.Build.0 = Debug|Any CPU
		{E549ABAB-46A8-441D-A767-77E8D5C218F7}.Release|Any CPU.ActiveCfg = Release|Any CPU
		{E549ABAB-46A8-441D-A767-77E8D5C218F7}.Release|Any CPU.Build.0 = Release|Any CPU
		{343309F5-73AD-493C-AF6D-4690DAE13D42}.Debug|Any CPU.ActiveCfg = Debug|Any CPU
		{343309F5-73AD-493C-AF6D-4690DAE13D42}.Debug|Any CPU.Build.0 = Debug|Any CPU
		{343309F5-73AD-493C-AF6D-4690DAE13D42}.Release|Any CPU.ActiveCfg = Release|Any CPU
		{343309F5-73AD-493C-AF6D-4690DAE13D42}.Release|Any CPU.Build.0 = Release|Any CPU
		{55600FB3-9507-4F17-B5AE-B5E936E0F765}.Debug|Any CPU.ActiveCfg = Debug|Any CPU
		{55600FB3-9507-4F17-B5AE-B5E936E0F765}.Debug|Any CPU.Build.0 = Debug|Any CPU
		{55600FB3-9507-4F17-B5AE-B5E936E0F765}.Release|Any CPU.ActiveCfg = Release|Any CPU
		{55600FB3-9507-4F17-B5AE-B5E936E0F765}.Release|Any CPU.Build.0 = Release|Any CPU
		{97AED41D-41ED-47D8-B2ED-086742C72864}.Debug|Any CPU.ActiveCfg = Debug|Any CPU
		{97AED41D-41ED-47D8-B2ED-086742C72864}.Debug|Any CPU.Build.0 = Debug|Any CPU
		{97AED41D-41ED-47D8-B2ED-086742C72864}.Release|Any CPU.ActiveCfg = Release|Any CPU
		{97AED41D-41ED-47D8-B2ED-086742C72864}.Release|Any CPU.Build.0 = Release|Any CPU
		{490E446F-ABF1-46C9-865D-6C0D361586D6}.Debug|Any CPU.ActiveCfg = Debug|Any CPU
		{490E446F-ABF1-46C9-865D-6C0D361586D6}.Debug|Any CPU.Build.0 = Debug|Any CPU
		{490E446F-ABF1-46C9-865D-6C0D361586D6}.Release|Any CPU.ActiveCfg = Release|Any CPU
		{490E446F-ABF1-46C9-865D-6C0D361586D6}.Release|Any CPU.Build.0 = Release|Any CPU
		{D6A41399-6622-4550-ACE3-338DEDFA0A69}.Debug|Any CPU.ActiveCfg = Debug|Any CPU
		{D6A41399-6622-4550-ACE3-338DEDFA0A69}.Debug|Any CPU.Build.0 = Debug|Any CPU
		{D6A41399-6622-4550-ACE3-338DEDFA0A69}.Release|Any CPU.ActiveCfg = Release|Any CPU
		{D6A41399-6622-4550-ACE3-338DEDFA0A69}.Release|Any CPU.Build.0 = Release|Any CPU
		{5E37BF83-B42E-42FB-B157-99AE6147FAE4}.Debug|Any CPU.ActiveCfg = Debug|Any CPU
		{5E37BF83-B42E-42FB-B157-99AE6147FAE4}.Debug|Any CPU.Build.0 = Debug|Any CPU
		{5E37BF83-B42E-42FB-B157-99AE6147FAE4}.Release|Any CPU.ActiveCfg = Release|Any CPU
		{5E37BF83-B42E-42FB-B157-99AE6147FAE4}.Release|Any CPU.Build.0 = Release|Any CPU
		{0F6B6F91-2EC6-479B-939D-DD7C4D0A9799}.Debug|Any CPU.ActiveCfg = Debug|Any CPU
		{0F6B6F91-2EC6-479B-939D-DD7C4D0A9799}.Debug|Any CPU.Build.0 = Debug|Any CPU
		{0F6B6F91-2EC6-479B-939D-DD7C4D0A9799}.Release|Any CPU.ActiveCfg = Release|Any CPU
		{0F6B6F91-2EC6-479B-939D-DD7C4D0A9799}.Release|Any CPU.Build.0 = Release|Any CPU
		{3D1B941A-4E5C-4BF0-987F-9674A9D87C23}.Debug|Any CPU.ActiveCfg = Debug|Any CPU
		{3D1B941A-4E5C-4BF0-987F-9674A9D87C23}.Debug|Any CPU.Build.0 = Debug|Any CPU
		{3D1B941A-4E5C-4BF0-987F-9674A9D87C23}.Release|Any CPU.ActiveCfg = Release|Any CPU
		{3D1B941A-4E5C-4BF0-987F-9674A9D87C23}.Release|Any CPU.Build.0 = Release|Any CPU
		{9DB8CCB9-277B-45B4-BAE5-DD7CC18E72C4}.Debug|Any CPU.ActiveCfg = Debug|Any CPU
		{9DB8CCB9-277B-45B4-BAE5-DD7CC18E72C4}.Debug|Any CPU.Build.0 = Debug|Any CPU
		{9DB8CCB9-277B-45B4-BAE5-DD7CC18E72C4}.Release|Any CPU.ActiveCfg = Release|Any CPU
		{9DB8CCB9-277B-45B4-BAE5-DD7CC18E72C4}.Release|Any CPU.Build.0 = Release|Any CPU
		{E25F2950-D7F9-4D64-89D2-26667EE0E6DD}.Debug|Any CPU.ActiveCfg = Debug|Any CPU
		{E25F2950-D7F9-4D64-89D2-26667EE0E6DD}.Debug|Any CPU.Build.0 = Debug|Any CPU
		{E25F2950-D7F9-4D64-89D2-26667EE0E6DD}.Release|Any CPU.ActiveCfg = Release|Any CPU
		{E25F2950-D7F9-4D64-89D2-26667EE0E6DD}.Release|Any CPU.Build.0 = Release|Any CPU
		{FEC957C7-0F6A-4D7E-A82A-1D8EB8388EBA}.Debug|Any CPU.ActiveCfg = Debug|Any CPU
		{FEC957C7-0F6A-4D7E-A82A-1D8EB8388EBA}.Debug|Any CPU.Build.0 = Debug|Any CPU
		{FEC957C7-0F6A-4D7E-A82A-1D8EB8388EBA}.Release|Any CPU.ActiveCfg = Release|Any CPU
		{FEC957C7-0F6A-4D7E-A82A-1D8EB8388EBA}.Release|Any CPU.Build.0 = Release|Any CPU
		{4484CD0E-A75E-45BC-8478-67F1D3F30082}.Debug|Any CPU.ActiveCfg = Debug|Any CPU
		{4484CD0E-A75E-45BC-8478-67F1D3F30082}.Debug|Any CPU.Build.0 = Debug|Any CPU
		{4484CD0E-A75E-45BC-8478-67F1D3F30082}.Release|Any CPU.ActiveCfg = Release|Any CPU
		{4484CD0E-A75E-45BC-8478-67F1D3F30082}.Release|Any CPU.Build.0 = Release|Any CPU
		{56B57D40-C7CA-4189-BED2-1B2ED99F5210}.Debug|Any CPU.ActiveCfg = Debug|Any CPU
		{56B57D40-C7CA-4189-BED2-1B2ED99F5210}.Debug|Any CPU.Build.0 = Debug|Any CPU
		{56B57D40-C7CA-4189-BED2-1B2ED99F5210}.Release|Any CPU.ActiveCfg = Release|Any CPU
		{56B57D40-C7CA-4189-BED2-1B2ED99F5210}.Release|Any CPU.Build.0 = Release|Any CPU
		{EA443168-5158-4103-985D-1B61B6D5DD63}.Debug|Any CPU.ActiveCfg = Debug|Any CPU
		{EA443168-5158-4103-985D-1B61B6D5DD63}.Debug|Any CPU.Build.0 = Debug|Any CPU
		{EA443168-5158-4103-985D-1B61B6D5DD63}.Release|Any CPU.ActiveCfg = Release|Any CPU
		{EA443168-5158-4103-985D-1B61B6D5DD63}.Release|Any CPU.Build.0 = Release|Any CPU
		{549A928B-5C4C-42D0-B399-3CC13B77DE3D}.Debug|Any CPU.ActiveCfg = Debug|Any CPU
		{549A928B-5C4C-42D0-B399-3CC13B77DE3D}.Debug|Any CPU.Build.0 = Debug|Any CPU
		{549A928B-5C4C-42D0-B399-3CC13B77DE3D}.Release|Any CPU.ActiveCfg = Release|Any CPU
		{549A928B-5C4C-42D0-B399-3CC13B77DE3D}.Release|Any CPU.Build.0 = Release|Any CPU
		{501C447B-2C6A-419A-BA3D-8DA2BDC7F338}.Debug|Any CPU.ActiveCfg = Debug|Any CPU
		{501C447B-2C6A-419A-BA3D-8DA2BDC7F338}.Debug|Any CPU.Build.0 = Debug|Any CPU
		{501C447B-2C6A-419A-BA3D-8DA2BDC7F338}.Release|Any CPU.ActiveCfg = Release|Any CPU
		{501C447B-2C6A-419A-BA3D-8DA2BDC7F338}.Release|Any CPU.Build.0 = Release|Any CPU
		{CC3A132A-C763-46E4-B546-746D2AE3A06B}.Debug|Any CPU.ActiveCfg = Debug|Any CPU
		{CC3A132A-C763-46E4-B546-746D2AE3A06B}.Debug|Any CPU.Build.0 = Debug|Any CPU
		{CC3A132A-C763-46E4-B546-746D2AE3A06B}.Release|Any CPU.ActiveCfg = Release|Any CPU
		{CC3A132A-C763-46E4-B546-746D2AE3A06B}.Release|Any CPU.Build.0 = Release|Any CPU
		{13A7C216-7B74-41F0-8A37-CCFDE19B8D06}.Debug|Any CPU.ActiveCfg = Debug|Any CPU
		{13A7C216-7B74-41F0-8A37-CCFDE19B8D06}.Debug|Any CPU.Build.0 = Debug|Any CPU
		{13A7C216-7B74-41F0-8A37-CCFDE19B8D06}.Release|Any CPU.ActiveCfg = Release|Any CPU
		{13A7C216-7B74-41F0-8A37-CCFDE19B8D06}.Release|Any CPU.Build.0 = Release|Any CPU
		{E66B22C6-2651-424B-A466-0D9D09169EB4}.Debug|Any CPU.ActiveCfg = Debug|Any CPU
		{E66B22C6-2651-424B-A466-0D9D09169EB4}.Debug|Any CPU.Build.0 = Debug|Any CPU
		{E66B22C6-2651-424B-A466-0D9D09169EB4}.Release|Any CPU.ActiveCfg = Release|Any CPU
		{E66B22C6-2651-424B-A466-0D9D09169EB4}.Release|Any CPU.Build.0 = Release|Any CPU
		{4ED1E5BE-9728-4B05-8358-64247A093771}.Debug|Any CPU.ActiveCfg = Debug|Any CPU
		{4ED1E5BE-9728-4B05-8358-64247A093771}.Debug|Any CPU.Build.0 = Debug|Any CPU
		{4ED1E5BE-9728-4B05-8358-64247A093771}.Release|Any CPU.ActiveCfg = Release|Any CPU
		{4ED1E5BE-9728-4B05-8358-64247A093771}.Release|Any CPU.Build.0 = Release|Any CPU
		{84E8308D-A237-4A38-AEEB-AFEE9A11EDBC}.Debug|Any CPU.ActiveCfg = Debug|Any CPU
		{84E8308D-A237-4A38-AEEB-AFEE9A11EDBC}.Debug|Any CPU.Build.0 = Debug|Any CPU
		{84E8308D-A237-4A38-AEEB-AFEE9A11EDBC}.Release|Any CPU.ActiveCfg = Release|Any CPU
		{84E8308D-A237-4A38-AEEB-AFEE9A11EDBC}.Release|Any CPU.Build.0 = Release|Any CPU
		{D9AD5CB5-3B45-4F57-9AA1-9A212C8F2568}.Debug|Any CPU.ActiveCfg = Debug|Any CPU
		{D9AD5CB5-3B45-4F57-9AA1-9A212C8F2568}.Debug|Any CPU.Build.0 = Debug|Any CPU
		{D9AD5CB5-3B45-4F57-9AA1-9A212C8F2568}.Release|Any CPU.ActiveCfg = Release|Any CPU
		{D9AD5CB5-3B45-4F57-9AA1-9A212C8F2568}.Release|Any CPU.Build.0 = Release|Any CPU
		{8E31F0EF-E092-4C86-89CF-B4D6B84EC19B}.Debug|Any CPU.ActiveCfg = Debug|Any CPU
		{8E31F0EF-E092-4C86-89CF-B4D6B84EC19B}.Debug|Any CPU.Build.0 = Debug|Any CPU
		{8E31F0EF-E092-4C86-89CF-B4D6B84EC19B}.Release|Any CPU.ActiveCfg = Release|Any CPU
		{8E31F0EF-E092-4C86-89CF-B4D6B84EC19B}.Release|Any CPU.Build.0 = Release|Any CPU
		{DA62D797-005B-4B09-8A2F-9A242B2EEFA3}.Debug|Any CPU.ActiveCfg = Debug|Any CPU
		{DA62D797-005B-4B09-8A2F-9A242B2EEFA3}.Debug|Any CPU.Build.0 = Debug|Any CPU
		{DA62D797-005B-4B09-8A2F-9A242B2EEFA3}.Release|Any CPU.ActiveCfg = Release|Any CPU
		{DA62D797-005B-4B09-8A2F-9A242B2EEFA3}.Release|Any CPU.Build.0 = Release|Any CPU
		{9FC670E7-0647-4A0A-852E-05466DA171E1}.Debug|Any CPU.ActiveCfg = Debug|Any CPU
		{9FC670E7-0647-4A0A-852E-05466DA171E1}.Debug|Any CPU.Build.0 = Debug|Any CPU
		{9FC670E7-0647-4A0A-852E-05466DA171E1}.Release|Any CPU.ActiveCfg = Release|Any CPU
		{9FC670E7-0647-4A0A-852E-05466DA171E1}.Release|Any CPU.Build.0 = Release|Any CPU
		{CCB545A2-D94D-4CAE-90D4-71EF1462E55C}.Debug|Any CPU.ActiveCfg = Debug|Any CPU
		{CCB545A2-D94D-4CAE-90D4-71EF1462E55C}.Debug|Any CPU.Build.0 = Debug|Any CPU
		{CCB545A2-D94D-4CAE-90D4-71EF1462E55C}.Release|Any CPU.ActiveCfg = Release|Any CPU
		{CCB545A2-D94D-4CAE-90D4-71EF1462E55C}.Release|Any CPU.Build.0 = Release|Any CPU
		{E662D99C-1F21-4DE9-BD6F-F3069C7DFE01}.Debug|Any CPU.ActiveCfg = Debug|Any CPU
		{E662D99C-1F21-4DE9-BD6F-F3069C7DFE01}.Debug|Any CPU.Build.0 = Debug|Any CPU
		{E662D99C-1F21-4DE9-BD6F-F3069C7DFE01}.Release|Any CPU.ActiveCfg = Release|Any CPU
		{E662D99C-1F21-4DE9-BD6F-F3069C7DFE01}.Release|Any CPU.Build.0 = Release|Any CPU
		{FFA812A0-15B6-490C-A6F0-7468BAA7A98C}.Debug|Any CPU.ActiveCfg = Debug|Any CPU
		{FFA812A0-15B6-490C-A6F0-7468BAA7A98C}.Debug|Any CPU.Build.0 = Debug|Any CPU
		{FFA812A0-15B6-490C-A6F0-7468BAA7A98C}.Release|Any CPU.ActiveCfg = Release|Any CPU
		{FFA812A0-15B6-490C-A6F0-7468BAA7A98C}.Release|Any CPU.Build.0 = Release|Any CPU
		{B83D72FD-A3BF-4F74-AD80-D84437EA3963}.Debug|Any CPU.ActiveCfg = Debug|Any CPU
		{B83D72FD-A3BF-4F74-AD80-D84437EA3963}.Debug|Any CPU.Build.0 = Debug|Any CPU
		{B83D72FD-A3BF-4F74-AD80-D84437EA3963}.Release|Any CPU.ActiveCfg = Release|Any CPU
		{B83D72FD-A3BF-4F74-AD80-D84437EA3963}.Release|Any CPU.Build.0 = Release|Any CPU
		{FE3A950C-4881-4CC0-9C5C-9A0E7C245945}.Debug|Any CPU.ActiveCfg = Debug|Any CPU
		{FE3A950C-4881-4CC0-9C5C-9A0E7C245945}.Debug|Any CPU.Build.0 = Debug|Any CPU
		{FE3A950C-4881-4CC0-9C5C-9A0E7C245945}.Release|Any CPU.ActiveCfg = Release|Any CPU
		{FE3A950C-4881-4CC0-9C5C-9A0E7C245945}.Release|Any CPU.Build.0 = Release|Any CPU
		{E4F9B947-9F79-4086-A7C7-28F553798731}.Debug|Any CPU.ActiveCfg = Debug|Any CPU
		{E4F9B947-9F79-4086-A7C7-28F553798731}.Debug|Any CPU.Build.0 = Debug|Any CPU
		{E4F9B947-9F79-4086-A7C7-28F553798731}.Release|Any CPU.ActiveCfg = Release|Any CPU
		{E4F9B947-9F79-4086-A7C7-28F553798731}.Release|Any CPU.Build.0 = Release|Any CPU
		{A1C8A70E-FBB8-44D8-8859-7DCA346AC358}.Debug|Any CPU.ActiveCfg = Debug|Any CPU
		{A1C8A70E-FBB8-44D8-8859-7DCA346AC358}.Debug|Any CPU.Build.0 = Debug|Any CPU
		{A1C8A70E-FBB8-44D8-8859-7DCA346AC358}.Release|Any CPU.ActiveCfg = Release|Any CPU
		{A1C8A70E-FBB8-44D8-8859-7DCA346AC358}.Release|Any CPU.Build.0 = Release|Any CPU
	EndGlobalSection
	GlobalSection(SolutionProperties) = preSolution
		HideSolutionNode = FALSE
	EndGlobalSection
	GlobalSection(NestedProjects) = preSolution
		{B88CC588-A3DF-44E1-8E6A-355705E85A5F} = {354EAE07-E24B-4556-A3A3-5F8FFFA98252}
		{4DFC9963-BB85-456E-98EA-AFDE7F6A2E82} = {B88CC588-A3DF-44E1-8E6A-355705E85A5F}
		{0AF6E08D-4DBA-4795-8AA4-676DB10FF1A1} = {B88CC588-A3DF-44E1-8E6A-355705E85A5F}
		{98FB5D91-BEC7-43C1-9694-CC653F659F72} = {B88CC588-A3DF-44E1-8E6A-355705E85A5F}
		{830DF532-B8AD-406D-8081-1FE46408A9B2} = {B88CC588-A3DF-44E1-8E6A-355705E85A5F}
		{34737E59-D1DF-46EC-96EA-B270667D7BC0} = {B88CC588-A3DF-44E1-8E6A-355705E85A5F}
		{00A75879-44FC-4688-960F-B90E35DD45AD} = {B88CC588-A3DF-44E1-8E6A-355705E85A5F}
		{13435EF7-7C2B-4E41-9702-4465E17C0B98} = {B88CC588-A3DF-44E1-8E6A-355705E85A5F}
		{51C29729-EF3B-4AA0-B904-EDE9E2D30038} = {B88CC588-A3DF-44E1-8E6A-355705E85A5F}
		{8C7566FE-B3D9-4AF4-8683-2CCF0C0F73C7} = {B88CC588-A3DF-44E1-8E6A-355705E85A5F}
		{72C7AEE0-B339-4D97-A97B-F81F0F68206D} = {B88CC588-A3DF-44E1-8E6A-355705E85A5F}
		{52BCFF59-FC3E-49D2-9A81-4534D1230947} = {354EAE07-E24B-4556-A3A3-5F8FFFA98252}
		{EEDB54F5-4BEE-41B3-AE0A-207257236563} = {52BCFF59-FC3E-49D2-9A81-4534D1230947}
		{2E4559CC-5240-4624-878E-02C45129E99A} = {52BCFF59-FC3E-49D2-9A81-4534D1230947}
		{D14FC5D0-778C-47A6-B67A-E8FAFD2C7FBA} = {52BCFF59-FC3E-49D2-9A81-4534D1230947}
		{ADC3932E-FE74-4B5C-A9E7-B9C8CB2E684E} = {52BCFF59-FC3E-49D2-9A81-4534D1230947}
		{6BDD7568-DB11-4C78-B2FF-04DB061BBE4E} = {52BCFF59-FC3E-49D2-9A81-4534D1230947}
		{074B4672-388B-4F78-89A1-CCE847376732} = {354EAE07-E24B-4556-A3A3-5F8FFFA98252}
		{EA5C969A-2A68-4BCF-B9D3-DCCF44399FCD} = {074B4672-388B-4F78-89A1-CCE847376732}
		{10BF3610-BC70-43DC-97DA-1BBC9611781F} = {074B4672-388B-4F78-89A1-CCE847376732}
		{C6E9BF71-5DF9-4E67-985C-2CEFE1D1DB85} = {074B4672-388B-4F78-89A1-CCE847376732}
		{07A07CEF-5C0F-4EE3-9891-4F75729354C6} = {074B4672-388B-4F78-89A1-CCE847376732}
		{13BC0962-13AC-4D91-9989-6DF5E6505611} = {074B4672-388B-4F78-89A1-CCE847376732}
		{A50B3F06-4FE6-4940-940A-02113C652126} = {074B4672-388B-4F78-89A1-CCE847376732}
		{E0AA68A6-ECE4-45A0-9EA2-DB33F35886E9} = {52BCFF59-FC3E-49D2-9A81-4534D1230947}
		{E549ABAB-46A8-441D-A767-77E8D5C218F7} = {52BCFF59-FC3E-49D2-9A81-4534D1230947}
		{343309F5-73AD-493C-AF6D-4690DAE13D42} = {B88CC588-A3DF-44E1-8E6A-355705E85A5F}
		{55600FB3-9507-4F17-B5AE-B5E936E0F765} = {4F817639-465D-406D-BAF5-414C80DBBE9B}
		{97AED41D-41ED-47D8-B2ED-086742C72864} = {4F817639-465D-406D-BAF5-414C80DBBE9B}
		{490E446F-ABF1-46C9-865D-6C0D361586D6} = {4F817639-465D-406D-BAF5-414C80DBBE9B}
		{D6A41399-6622-4550-ACE3-338DEDFA0A69} = {4F817639-465D-406D-BAF5-414C80DBBE9B}
		{5E37BF83-B42E-42FB-B157-99AE6147FAE4} = {5F394D6F-DF05-4159-9F99-90A6759107A9}
		{0F6B6F91-2EC6-479B-939D-DD7C4D0A9799} = {5F394D6F-DF05-4159-9F99-90A6759107A9}
		{3127CD5D-5FC7-41B5-BCC0-37167965DCD1} = {5F394D6F-DF05-4159-9F99-90A6759107A9}
		{3D1B941A-4E5C-4BF0-987F-9674A9D87C23} = {3127CD5D-5FC7-41B5-BCC0-37167965DCD1}
		{9DB8CCB9-277B-45B4-BAE5-DD7CC18E72C4} = {3127CD5D-5FC7-41B5-BCC0-37167965DCD1}
		{E25F2950-D7F9-4D64-89D2-26667EE0E6DD} = {3127CD5D-5FC7-41B5-BCC0-37167965DCD1}
		{FEC957C7-0F6A-4D7E-A82A-1D8EB8388EBA} = {4782E381-877B-4F78-902A-30BCA56B23D4}
		{4484CD0E-A75E-45BC-8478-67F1D3F30082} = {4782E381-877B-4F78-902A-30BCA56B23D4}
		{56B57D40-C7CA-4189-BED2-1B2ED99F5210} = {4782E381-877B-4F78-902A-30BCA56B23D4}
		{EA443168-5158-4103-985D-1B61B6D5DD63} = {4782E381-877B-4F78-902A-30BCA56B23D4}
		{549A928B-5C4C-42D0-B399-3CC13B77DE3D} = {4782E381-877B-4F78-902A-30BCA56B23D4}
		{501C447B-2C6A-419A-BA3D-8DA2BDC7F338} = {63772D89-15FA-4B82-82F1-97B89195D6E4}
		{CC3A132A-C763-46E4-B546-746D2AE3A06B} = {63772D89-15FA-4B82-82F1-97B89195D6E4}
		{13A7C216-7B74-41F0-8A37-CCFDE19B8D06} = {63772D89-15FA-4B82-82F1-97B89195D6E4}
		{E66B22C6-2651-424B-A466-0D9D09169EB4} = {63772D89-15FA-4B82-82F1-97B89195D6E4}
		{4ED1E5BE-9728-4B05-8358-64247A093771} = {63772D89-15FA-4B82-82F1-97B89195D6E4}
		{84E8308D-A237-4A38-AEEB-AFEE9A11EDBC} = {63772D89-15FA-4B82-82F1-97B89195D6E4}
		{D9AD5CB5-3B45-4F57-9AA1-9A212C8F2568} = {63772D89-15FA-4B82-82F1-97B89195D6E4}
		{8E31F0EF-E092-4C86-89CF-B4D6B84EC19B} = {27A5405B-5121-4627-903E-9731956B0AD3}
		{DA62D797-005B-4B09-8A2F-9A242B2EEFA3} = {27A5405B-5121-4627-903E-9731956B0AD3}
		{9FC670E7-0647-4A0A-852E-05466DA171E1} = {27A5405B-5121-4627-903E-9731956B0AD3}
		{CCB545A2-D94D-4CAE-90D4-71EF1462E55C} = {27A5405B-5121-4627-903E-9731956B0AD3}
		{E662D99C-1F21-4DE9-BD6F-F3069C7DFE01} = {99BEF67E-E5AA-436B-92EC-5B04A6169324}
		{FFA812A0-15B6-490C-A6F0-7468BAA7A98C} = {99BEF67E-E5AA-436B-92EC-5B04A6169324}
		{B83D72FD-A3BF-4F74-AD80-D84437EA3963} = {99BEF67E-E5AA-436B-92EC-5B04A6169324}
		{FE3A950C-4881-4CC0-9C5C-9A0E7C245945} = {99BEF67E-E5AA-436B-92EC-5B04A6169324}
		{E4F9B947-9F79-4086-A7C7-28F553798731} = {52BCFF59-FC3E-49D2-9A81-4534D1230947}
		{A1C8A70E-FBB8-44D8-8859-7DCA346AC358} = {52BCFF59-FC3E-49D2-9A81-4534D1230947}
	EndGlobalSection
	GlobalSection(ExtensibilityGlobals) = postSolution
		SolutionGuid = {3C268628-8209-4133-9993-99B564299D74}
	EndGlobalSection
EndGlobal
