
Microsoft Visual Studio Solution File, Format Version 12.00
# Visual Studio Version 16
VisualStudioVersion = 16.0.30709.132
MinimumVisualStudioVersion = 10.0.40219.1
Project("{2150E333-8FDC-42A3-9474-1A3956D46DE8}") = "Behavioral Patterns", "Behavioral Patterns", "{B88CC588-A3DF-44E1-8E6A-355705E85A5F}"
EndProject
Project("{9A19103F-16F7-4668-BE54-9A1E7A4F7556}") = "Memento", "Behavioral Patterns\Memento\Memento.csproj", "{4DFC9963-BB85-456E-98EA-AFDE7F6A2E82}"
EndProject
Project("{9A19103F-16F7-4668-BE54-9A1E7A4F7556}") = "State", "Behavioral Patterns\State\State.csproj", "{0AF6E08D-4DBA-4795-8AA4-676DB10FF1A1}"
EndProject
Project("{9A19103F-16F7-4668-BE54-9A1E7A4F7556}") = "Iterator", "Behavioral Patterns\Iterator\Iterator.csproj", "{98FB5D91-BEC7-43C1-9694-CC653F659F72}"
EndProject
Project("{9A19103F-16F7-4668-BE54-9A1E7A4F7556}") = "Strategy", "Behavioral Patterns\Strategy\Strategy.csproj", "{830DF532-B8AD-406D-8081-1FE46408A9B2}"
EndProject
Project("{9A19103F-16F7-4668-BE54-9A1E7A4F7556}") = "Template Method", "Behavioral Patterns\Template Method\Template Method.csproj", "{34737E59-D1DF-46EC-96EA-B270667D7BC0}"
EndProject
Project("{9A19103F-16F7-4668-BE54-9A1E7A4F7556}") = "Command", "Behavioral Patterns\Command\Command.csproj", "{00A75879-44FC-4688-960F-B90E35DD45AD}"
EndProject
Project("{9A19103F-16F7-4668-BE54-9A1E7A4F7556}") = "Observer", "Behavioral Patterns\Observer\Observer.csproj", "{13435EF7-7C2B-4E41-9702-4465E17C0B98}"
EndProject
Project("{9A19103F-16F7-4668-BE54-9A1E7A4F7556}") = "Mediator", "Behavioral Patterns\Mediator\Mediator.csproj", "{51C29729-EF3B-4AA0-B904-EDE9E2D30038}"
EndProject
Project("{9A19103F-16F7-4668-BE54-9A1E7A4F7556}") = "Chain of Responsibility", "Behavioral Patterns\Chain of Responsibility\Chain of Responsibility.csproj", "{8C7566FE-B3D9-4AF4-8683-2CCF0C0F73C7}"
EndProject
Project("{9A19103F-16F7-4668-BE54-9A1E7A4F7556}") = "Visitor", "Behavioral Patterns\Visitor\Visitor.csproj", "{72C7AEE0-B339-4D97-A97B-F81F0F68206D}"
EndProject
Project("{2150E333-8FDC-42A3-9474-1A3956D46DE8}") = "Structural", "Structural", "{52BCFF59-FC3E-49D2-9A81-4534D1230947}"
EndProject
Project("{9A19103F-16F7-4668-BE54-9A1E7A4F7556}") = "Composite", "Structural\Composite\Composite.csproj", "{EEDB54F5-4BEE-41B3-AE0A-207257236563}"
EndProject
Project("{9A19103F-16F7-4668-BE54-9A1E7A4F7556}") = "Adapter", "Structural\Adapter\Adapter.csproj", "{2E4559CC-5240-4624-878E-02C45129E99A}"
EndProject
Project("{9A19103F-16F7-4668-BE54-9A1E7A4F7556}") = "Decorator", "Structural\Decorator\Decorator.csproj", "{2FB12AE9-971C-4D53-A62E-61FFD1C87C00}"
EndProject
Project("{FAE04EC0-301F-11D3-BF4B-00C04F79EFBC}") = "Facade", "Structural\Facade\Facade.csproj", "{D14FC5D0-778C-47A6-B67A-E8FAFD2C7FBA}"
EndProject
Project("{FAE04EC0-301F-11D3-BF4B-00C04F79EFBC}") = "Flyweight", "Structural\Flyweight\Flyweight.csproj", "{ADC3932E-FE74-4B5C-A9E7-B9C8CB2E684E}"
EndProject
Project("{FAE04EC0-301F-11D3-BF4B-00C04F79EFBC}") = "Bridge", "Structural\Bridge\Bridge.csproj", "{6BDD7568-DB11-4C78-B2FF-04DB061BBE4E}"
EndProject
Global
	GlobalSection(SolutionConfigurationPlatforms) = preSolution
		Debug|Any CPU = Debug|Any CPU
		Release|Any CPU = Release|Any CPU
	EndGlobalSection
	GlobalSection(ProjectConfigurationPlatforms) = postSolution
		{4DFC9963-BB85-456E-98EA-AFDE7F6A2E82}.Debug|Any CPU.ActiveCfg = Debug|Any CPU
		{4DFC9963-BB85-456E-98EA-AFDE7F6A2E82}.Debug|Any CPU.Build.0 = Debug|Any CPU
		{4DFC9963-BB85-456E-98EA-AFDE7F6A2E82}.Release|Any CPU.ActiveCfg = Release|Any CPU
		{4DFC9963-BB85-456E-98EA-AFDE7F6A2E82}.Release|Any CPU.Build.0 = Release|Any CPU
		{0AF6E08D-4DBA-4795-8AA4-676DB10FF1A1}.Debug|Any CPU.ActiveCfg = Debug|Any CPU
		{0AF6E08D-4DBA-4795-8AA4-676DB10FF1A1}.Debug|Any CPU.Build.0 = Debug|Any CPU
		{0AF6E08D-4DBA-4795-8AA4-676DB10FF1A1}.Release|Any CPU.ActiveCfg = Release|Any CPU
		{0AF6E08D-4DBA-4795-8AA4-676DB10FF1A1}.Release|Any CPU.Build.0 = Release|Any CPU
		{98FB5D91-BEC7-43C1-9694-CC653F659F72}.Debug|Any CPU.ActiveCfg = Debug|Any CPU
		{98FB5D91-BEC7-43C1-9694-CC653F659F72}.Debug|Any CPU.Build.0 = Debug|Any CPU
		{98FB5D91-BEC7-43C1-9694-CC653F659F72}.Release|Any CPU.ActiveCfg = Release|Any CPU
		{98FB5D91-BEC7-43C1-9694-CC653F659F72}.Release|Any CPU.Build.0 = Release|Any CPU
		{830DF532-B8AD-406D-8081-1FE46408A9B2}.Debug|Any CPU.ActiveCfg = Debug|Any CPU
		{830DF532-B8AD-406D-8081-1FE46408A9B2}.Debug|Any CPU.Build.0 = Debug|Any CPU
		{830DF532-B8AD-406D-8081-1FE46408A9B2}.Release|Any CPU.ActiveCfg = Release|Any CPU
		{830DF532-B8AD-406D-8081-1FE46408A9B2}.Release|Any CPU.Build.0 = Release|Any CPU
		{34737E59-D1DF-46EC-96EA-B270667D7BC0}.Debug|Any CPU.ActiveCfg = Debug|Any CPU
		{34737E59-D1DF-46EC-96EA-B270667D7BC0}.Debug|Any CPU.Build.0 = Debug|Any CPU
		{34737E59-D1DF-46EC-96EA-B270667D7BC0}.Release|Any CPU.ActiveCfg = Release|Any CPU
		{34737E59-D1DF-46EC-96EA-B270667D7BC0}.Release|Any CPU.Build.0 = Release|Any CPU
		{00A75879-44FC-4688-960F-B90E35DD45AD}.Debug|Any CPU.ActiveCfg = Debug|Any CPU
		{00A75879-44FC-4688-960F-B90E35DD45AD}.Debug|Any CPU.Build.0 = Debug|Any CPU
		{00A75879-44FC-4688-960F-B90E35DD45AD}.Release|Any CPU.ActiveCfg = Release|Any CPU
		{00A75879-44FC-4688-960F-B90E35DD45AD}.Release|Any CPU.Build.0 = Release|Any CPU
		{13435EF7-7C2B-4E41-9702-4465E17C0B98}.Debug|Any CPU.ActiveCfg = Debug|Any CPU
		{13435EF7-7C2B-4E41-9702-4465E17C0B98}.Debug|Any CPU.Build.0 = Debug|Any CPU
		{13435EF7-7C2B-4E41-9702-4465E17C0B98}.Release|Any CPU.ActiveCfg = Release|Any CPU
		{13435EF7-7C2B-4E41-9702-4465E17C0B98}.Release|Any CPU.Build.0 = Release|Any CPU
		{51C29729-EF3B-4AA0-B904-EDE9E2D30038}.Debug|Any CPU.ActiveCfg = Debug|Any CPU
		{51C29729-EF3B-4AA0-B904-EDE9E2D30038}.Debug|Any CPU.Build.0 = Debug|Any CPU
		{51C29729-EF3B-4AA0-B904-EDE9E2D30038}.Release|Any CPU.ActiveCfg = Release|Any CPU
		{51C29729-EF3B-4AA0-B904-EDE9E2D30038}.Release|Any CPU.Build.0 = Release|Any CPU
		{8C7566FE-B3D9-4AF4-8683-2CCF0C0F73C7}.Debug|Any CPU.ActiveCfg = Debug|Any CPU
		{8C7566FE-B3D9-4AF4-8683-2CCF0C0F73C7}.Debug|Any CPU.Build.0 = Debug|Any CPU
		{8C7566FE-B3D9-4AF4-8683-2CCF0C0F73C7}.Release|Any CPU.ActiveCfg = Release|Any CPU
		{8C7566FE-B3D9-4AF4-8683-2CCF0C0F73C7}.Release|Any CPU.Build.0 = Release|Any CPU
		{72C7AEE0-B339-4D97-A97B-F81F0F68206D}.Debug|Any CPU.ActiveCfg = Debug|Any CPU
		{72C7AEE0-B339-4D97-A97B-F81F0F68206D}.Debug|Any CPU.Build.0 = Debug|Any CPU
		{72C7AEE0-B339-4D97-A97B-F81F0F68206D}.Release|Any CPU.ActiveCfg = Release|Any CPU
		{72C7AEE0-B339-4D97-A97B-F81F0F68206D}.Release|Any CPU.Build.0 = Release|Any CPU
		{EEDB54F5-4BEE-41B3-AE0A-207257236563}.Debug|Any CPU.ActiveCfg = Debug|Any CPU
		{EEDB54F5-4BEE-41B3-AE0A-207257236563}.Debug|Any CPU.Build.0 = Debug|Any CPU
		{EEDB54F5-4BEE-41B3-AE0A-207257236563}.Release|Any CPU.ActiveCfg = Release|Any CPU
		{EEDB54F5-4BEE-41B3-AE0A-207257236563}.Release|Any CPU.Build.0 = Release|Any CPU
		{2E4559CC-5240-4624-878E-02C45129E99A}.Debug|Any CPU.ActiveCfg = Debug|Any CPU
		{2E4559CC-5240-4624-878E-02C45129E99A}.Debug|Any CPU.Build.0 = Debug|Any CPU
		{2E4559CC-5240-4624-878E-02C45129E99A}.Release|Any CPU.ActiveCfg = Release|Any CPU
		{2E4559CC-5240-4624-878E-02C45129E99A}.Release|Any CPU.Build.0 = Release|Any CPU
		{2FB12AE9-971C-4D53-A62E-61FFD1C87C00}.Debug|Any CPU.ActiveCfg = Debug|Any CPU
		{2FB12AE9-971C-4D53-A62E-61FFD1C87C00}.Debug|Any CPU.Build.0 = Debug|Any CPU
		{2FB12AE9-971C-4D53-A62E-61FFD1C87C00}.Release|Any CPU.ActiveCfg = Release|Any CPU
		{2FB12AE9-971C-4D53-A62E-61FFD1C87C00}.Release|Any CPU.Build.0 = Release|Any CPU
		{D14FC5D0-778C-47A6-B67A-E8FAFD2C7FBA}.Debug|Any CPU.ActiveCfg = Debug|Any CPU
		{D14FC5D0-778C-47A6-B67A-E8FAFD2C7FBA}.Debug|Any CPU.Build.0 = Debug|Any CPU
		{D14FC5D0-778C-47A6-B67A-E8FAFD2C7FBA}.Release|Any CPU.ActiveCfg = Release|Any CPU
		{D14FC5D0-778C-47A6-B67A-E8FAFD2C7FBA}.Release|Any CPU.Build.0 = Release|Any CPU
		{ADC3932E-FE74-4B5C-A9E7-B9C8CB2E684E}.Debug|Any CPU.ActiveCfg = Debug|Any CPU
		{ADC3932E-FE74-4B5C-A9E7-B9C8CB2E684E}.Debug|Any CPU.Build.0 = Debug|Any CPU
		{ADC3932E-FE74-4B5C-A9E7-B9C8CB2E684E}.Release|Any CPU.ActiveCfg = Release|Any CPU
		{ADC3932E-FE74-4B5C-A9E7-B9C8CB2E684E}.Release|Any CPU.Build.0 = Release|Any CPU
		{6BDD7568-DB11-4C78-B2FF-04DB061BBE4E}.Debug|Any CPU.ActiveCfg = Debug|Any CPU
		{6BDD7568-DB11-4C78-B2FF-04DB061BBE4E}.Debug|Any CPU.Build.0 = Debug|Any CPU
		{6BDD7568-DB11-4C78-B2FF-04DB061BBE4E}.Release|Any CPU.ActiveCfg = Release|Any CPU
		{6BDD7568-DB11-4C78-B2FF-04DB061BBE4E}.Release|Any CPU.Build.0 = Release|Any CPU
	EndGlobalSection
	GlobalSection(SolutionProperties) = preSolution
		HideSolutionNode = FALSE
	EndGlobalSection
	GlobalSection(NestedProjects) = preSolution
		{4DFC9963-BB85-456E-98EA-AFDE7F6A2E82} = {B88CC588-A3DF-44E1-8E6A-355705E85A5F}
		{0AF6E08D-4DBA-4795-8AA4-676DB10FF1A1} = {B88CC588-A3DF-44E1-8E6A-355705E85A5F}
		{98FB5D91-BEC7-43C1-9694-CC653F659F72} = {B88CC588-A3DF-44E1-8E6A-355705E85A5F}
		{830DF532-B8AD-406D-8081-1FE46408A9B2} = {B88CC588-A3DF-44E1-8E6A-355705E85A5F}
		{34737E59-D1DF-46EC-96EA-B270667D7BC0} = {B88CC588-A3DF-44E1-8E6A-355705E85A5F}
		{00A75879-44FC-4688-960F-B90E35DD45AD} = {B88CC588-A3DF-44E1-8E6A-355705E85A5F}
		{13435EF7-7C2B-4E41-9702-4465E17C0B98} = {B88CC588-A3DF-44E1-8E6A-355705E85A5F}
		{51C29729-EF3B-4AA0-B904-EDE9E2D30038} = {B88CC588-A3DF-44E1-8E6A-355705E85A5F}
		{8C7566FE-B3D9-4AF4-8683-2CCF0C0F73C7} = {B88CC588-A3DF-44E1-8E6A-355705E85A5F}
		{72C7AEE0-B339-4D97-A97B-F81F0F68206D} = {B88CC588-A3DF-44E1-8E6A-355705E85A5F}
		{EEDB54F5-4BEE-41B3-AE0A-207257236563} = {52BCFF59-FC3E-49D2-9A81-4534D1230947}
		{2E4559CC-5240-4624-878E-02C45129E99A} = {52BCFF59-FC3E-49D2-9A81-4534D1230947}
		{2FB12AE9-971C-4D53-A62E-61FFD1C87C00} = {52BCFF59-FC3E-49D2-9A81-4534D1230947}
		{D14FC5D0-778C-47A6-B67A-E8FAFD2C7FBA} = {52BCFF59-FC3E-49D2-9A81-4534D1230947}
		{ADC3932E-FE74-4B5C-A9E7-B9C8CB2E684E} = {52BCFF59-FC3E-49D2-9A81-4534D1230947}
		{6BDD7568-DB11-4C78-B2FF-04DB061BBE4E} = {52BCFF59-FC3E-49D2-9A81-4534D1230947}
	EndGlobalSection
	GlobalSection(ExtensibilityGlobals) = postSolution
		SolutionGuid = {3C268628-8209-4133-9993-99B564299D74}
	EndGlobalSection
EndGlobal
